
Microsoft Visual Studio Solution File, Format Version 12.00
# Visual Studio Version 17
VisualStudioVersion = 17.6.33829.357
MinimumVisualStudioVersion = 10.0.40219.1
Project("{FAE04EC0-301F-11D3-BF4B-00C04F79EFBC}") = "BoneSearchAPI", "BoneSearchAPI\BoneSearchAPI.csproj", "{2E19D5FE-072E-4332-A492-18EDCE4FB1E4}"
EndProject
Global
	GlobalSection(SolutionConfigurationPlatforms) = preSolution
		Debug|Any CPU = Debug|Any CPU
		Release|Any CPU = Release|Any CPU
	EndGlobalSection
	GlobalSection(ProjectConfigurationPlatforms) = postSolution
		{2E19D5FE-072E-4332-A492-18EDCE4FB1E4}.Debug|Any CPU.ActiveCfg = Debug|Any CPU
		{2E19D5FE-072E-4332-A492-18EDCE4FB1E4}.Debug|Any CPU.Build.0 = Debug|Any CPU
		{2E19D5FE-072E-4332-A492-18EDCE4FB1E4}.Release|Any CPU.ActiveCfg = Release|Any CPU
		{2E19D5FE-072E-4332-A492-18EDCE4FB1E4}.Release|Any CPU.Build.0 = Release|Any CPU
	EndGlobalSection
	GlobalSection(SolutionProperties) = preSolution
		HideSolutionNode = FALSE
	EndGlobalSection
	GlobalSection(ExtensibilityGlobals) = postSolution
		SolutionGuid = {E3ED444C-5679-43EF-8358-B32B4C9B5FEE}
	EndGlobalSection
EndGlobal
